// !$*UTF8*$!
{
	archiveVersion = 1;
	classes = {
	};
	objectVersion = 45;
	objects = {

/* Begin PBXAggregateTarget section */
		233E2C640A83C768005A62DF /* Build & Copy */ = {
			isa = PBXAggregateTarget;
			buildConfigurationList = 233E2D890A83C7AC005A62DF /* Build configuration list for PBXAggregateTarget "Build & Copy" */;
			buildPhases = (
				233E2C690A83C783005A62DF /* ShellScript */,
			);
			dependencies = (
				233E2C660A83C76D005A62DF /* PBXTargetDependency */,
			);
			name = "Build & Copy";
			productName = "Build & Install";
		};
/* End PBXAggregateTarget section */

/* Begin PBXBuildFile section */
		16BA96310A7EB9AC001E4983 /* Quartz.framework in Frameworks */ = {isa = PBXBuildFile; fileRef = 16BA96300A7EB9AC001E4983 /* Quartz.framework */; };
		8D5B49B4048680CD000E48DA /* Cocoa.framework in Frameworks */ = {isa = PBXBuildFile; fileRef = 1058C7ADFEA557BF11CA2CBB /* Cocoa.framework */; };
		EB0114B6116A5425002BC215 /* QCCVCanny.plist in Resources */ = {isa = PBXBuildFile; fileRef = EB0114B3116A5425002BC215 /* QCCVCanny.plist */; };
		EB0114C2116A543A002BC215 /* QCCVPlugIn.mm in Sources */ = {isa = PBXBuildFile; fileRef = EB0114B9116A543A002BC215 /* QCCVPlugIn.mm */; };
		EB0114C3116A543A002BC215 /* QCCVAbstractInputImageProcessingPlugIn.mm in Sources */ = {isa = PBXBuildFile; fileRef = EB0114BB116A543A002BC215 /* QCCVAbstractInputImageProcessingPlugIn.mm */; };
		EB0114C4116A543A002BC215 /* QCCVIplImageProvider.mm in Sources */ = {isa = PBXBuildFile; fileRef = EB0114BD116A543A002BC215 /* QCCVIplImageProvider.mm */; };
		EB0114C6116A543A002BC215 /* QCCVIntensityImageProvider.m in Sources */ = {isa = PBXBuildFile; fileRef = EB0114C1116A543A002BC215 /* QCCVIntensityImageProvider.m */; };
		EB1D7909116A5F3E0081E335 /* QCCVFindChessboardCorners.mm in Sources */ = {isa = PBXBuildFile; fileRef = EB1D7908116A5F3E0081E335 /* QCCVFindChessboardCorners.mm */; };
		EB1D796A116A62D00081E335 /* QCCVCanny.m in Sources */ = {isa = PBXBuildFile; fileRef = EB0114B5116A5425002BC215 /* QCCVCanny.m */; };
		EB43EE7F1173528300F0C3A2 /* QCCVDilate.plist in Resources */ = {isa = PBXBuildFile; fileRef = EB43EE7D1173528300F0C3A2 /* QCCVDilate.plist */; };
		EB43EE801173528300F0C3A2 /* QCCVErode.plist in Resources */ = {isa = PBXBuildFile; fileRef = EB43EE7E1173528300F0C3A2 /* QCCVErode.plist */; };
		EB43EEEC11736E9800F0C3A2 /* QCCVLaplace.m in Sources */ = {isa = PBXBuildFile; fileRef = EB43EEEB11736E9800F0C3A2 /* QCCVLaplace.m */; };
		EB43EEF211736F4A00F0C3A2 /* OpenCV Laplace.qtz in Copy Compositions */ = {isa = PBXBuildFile; fileRef = EB43EEF111736F4A00F0C3A2 /* OpenCV Laplace.qtz */; };
		EB43EEF411736F5F00F0C3A2 /* QCCVLaplace.plist in Resources */ = {isa = PBXBuildFile; fileRef = EB43EEF311736F5F00F0C3A2 /* QCCVLaplace.plist */; };
		EB7E234D11721B9C007E5283 /* OpenCV Canny.qtz in Copy Compositions */ = {isa = PBXBuildFile; fileRef = EB7E234C11721B9C007E5283 /* OpenCV Canny.qtz */; };
		EB7E23881172213B007E5283 /* QCCVDilate.m in Sources */ = {isa = PBXBuildFile; fileRef = EB7E23871172213B007E5283 /* QCCVDilate.m */; };
		EB7E23B511722898007E5283 /* OpenCV Dilate.qtz in Copy Compositions */ = {isa = PBXBuildFile; fileRef = EB7E23B411722898007E5283 /* OpenCV Dilate.qtz */; };
		EB7E23E311722A21007E5283 /* QCCVConvKernel.m in Sources */ = {isa = PBXBuildFile; fileRef = EB7E23E211722A21007E5283 /* QCCVConvKernel.m */; };
		EB7E23E611722AE2007E5283 /* QCCVDilate.xib in Resources */ = {isa = PBXBuildFile; fileRef = EB7E23E511722AE2007E5283 /* QCCVDilate.xib */; };
		EB7E24181172330B007E5283 /* QCCVErode.m in Sources */ = {isa = PBXBuildFile; fileRef = EB7E24171172330B007E5283 /* QCCVErode.m */; };
		EB7E242C117233C2007E5283 /* OpenCV Erode.qtz in Copy Compositions */ = {isa = PBXBuildFile; fileRef = EB7E242B117233C2007E5283 /* OpenCV Erode.qtz */; };
		EB9949D711790AF9002CE96E /* QCCVSobel.m in Sources */ = {isa = PBXBuildFile; fileRef = EB9949D611790AF9002CE96E /* QCCVSobel.m */; };
		EB9949F81179189D002CE96E /* OpenCV Find Chessboard Corners.qtz in Resources */ = {isa = PBXBuildFile; fileRef = EB9949F71179189D002CE96E /* OpenCV Find Chessboard Corners.qtz */; };
		EB9949F9117918B7002CE96E /* OpenCV Find Chessboard Corners.qtz in Copy Compositions */ = {isa = PBXBuildFile; fileRef = EB9949F71179189D002CE96E /* OpenCV Find Chessboard Corners.qtz */; };
		EB994AD011792450002CE96E /* QCCVFindChessboardCorners.xib in Resources */ = {isa = PBXBuildFile; fileRef = EB994ACF11792450002CE96E /* QCCVFindChessboardCorners.xib */; };
		EB994AD911792C08002CE96E /* QCCVFindChessboardCorners.plist in Resources */ = {isa = PBXBuildFile; fileRef = EB994AD811792C08002CE96E /* QCCVFindChessboardCorners.plist */; };
/* End PBXBuildFile section */

/* Begin PBXContainerItemProxy section */
		233E2C650A83C76D005A62DF /* PBXContainerItemProxy */ = {
			isa = PBXContainerItemProxy;
			containerPortal = 089C1669FE841209C02AAC07 /* Project object */;
			proxyType = 1;
			remoteGlobalIDString = 8D5B49AC048680CD000E48DA;
			remoteInfo = OpenCV;
		};
/* End PBXContainerItemProxy section */

/* Begin PBXCopyFilesBuildPhase section */
		EB9948D01175E585002CE96E /* Copy Frameworks */ = {
			isa = PBXCopyFilesBuildPhase;
			buildActionMask = 2147483647;
			dstPath = "";
			dstSubfolderSpec = 6;
			files = (
			);
			name = "Copy Frameworks";
			runOnlyForDeploymentPostprocessing = 0;
		};
		EB9948DC1175E6D9002CE96E /* Copy Compositions */ = {
			isa = PBXCopyFilesBuildPhase;
			buildActionMask = 2147483647;
			dstPath = Compositions;
			dstSubfolderSpec = 7;
			files = (
				EB7E234D11721B9C007E5283 /* OpenCV Canny.qtz in Copy Compositions */,
				EB7E23B511722898007E5283 /* OpenCV Dilate.qtz in Copy Compositions */,
				EB7E242C117233C2007E5283 /* OpenCV Erode.qtz in Copy Compositions */,
				EB9949F9117918B7002CE96E /* OpenCV Find Chessboard Corners.qtz in Copy Compositions */,
				EB43EEF211736F4A00F0C3A2 /* OpenCV Laplace.qtz in Copy Compositions */,
			);
			name = "Copy Compositions";
			runOnlyForDeploymentPostprocessing = 0;
		};
/* End PBXCopyFilesBuildPhase section */

/* Begin PBXFileReference section */
		1058C7ADFEA557BF11CA2CBB /* Cocoa.framework */ = {isa = PBXFileReference; lastKnownFileType = wrapper.framework; name = Cocoa.framework; path = /System/Library/Frameworks/Cocoa.framework; sourceTree = "<absolute>"; };
		16AA5C440A7EEE7300888E31 /* OpenCV_Prefix.pch */ = {isa = PBXFileReference; fileEncoding = 30; lastKnownFileType = sourcecode.c.h; path = OpenCV_Prefix.pch; sourceTree = "<group>"; };
		16BA96300A7EB9AC001E4983 /* Quartz.framework */ = {isa = PBXFileReference; lastKnownFileType = wrapper.framework; name = Quartz.framework; path = /System/Library/Frameworks/Quartz.framework; sourceTree = "<absolute>"; };
		8D5B49B6048680CD000E48DA /* OpenCV.plugin */ = {isa = PBXFileReference; explicitFileType = wrapper.cfbundle; includeInIndex = 0; path = OpenCV.plugin; sourceTree = BUILT_PRODUCTS_DIR; };
		8D5B49B7048680CD000E48DA /* Info.plist */ = {isa = PBXFileReference; fileEncoding = 4; lastKnownFileType = text.plist.xml; path = Info.plist; sourceTree = "<group>"; };
		EB0114B3116A5425002BC215 /* QCCVCanny.plist */ = {isa = PBXFileReference; fileEncoding = 4; lastKnownFileType = text.plist.xml; path = QCCVCanny.plist; sourceTree = "<group>"; };
		EB0114B4116A5425002BC215 /* QCCVCanny.h */ = {isa = PBXFileReference; fileEncoding = 4; lastKnownFileType = sourcecode.c.h; path = QCCVCanny.h; sourceTree = "<group>"; };
		EB0114B5116A5425002BC215 /* QCCVCanny.m */ = {isa = PBXFileReference; fileEncoding = 4; lastKnownFileType = sourcecode.c.objc; path = QCCVCanny.m; sourceTree = "<group>"; };
		EB0114B8116A543A002BC215 /* QCCVPlugIn.h */ = {isa = PBXFileReference; fileEncoding = 4; lastKnownFileType = sourcecode.c.h; path = QCCVPlugIn.h; sourceTree = "<group>"; };
		EB0114B9116A543A002BC215 /* QCCVPlugIn.mm */ = {isa = PBXFileReference; fileEncoding = 4; lastKnownFileType = sourcecode.cpp.objcpp; path = QCCVPlugIn.mm; sourceTree = "<group>"; };
		EB0114BA116A543A002BC215 /* QCCVAbstractInputImageProcessingPlugIn.h */ = {isa = PBXFileReference; fileEncoding = 4; lastKnownFileType = sourcecode.c.h; path = QCCVAbstractInputImageProcessingPlugIn.h; sourceTree = "<group>"; };
		EB0114BB116A543A002BC215 /* QCCVAbstractInputImageProcessingPlugIn.mm */ = {isa = PBXFileReference; fileEncoding = 4; lastKnownFileType = sourcecode.cpp.objcpp; path = QCCVAbstractInputImageProcessingPlugIn.mm; sourceTree = "<group>"; };
		EB0114BC116A543A002BC215 /* QCCVIplImageProvider.h */ = {isa = PBXFileReference; fileEncoding = 4; lastKnownFileType = sourcecode.c.h; path = QCCVIplImageProvider.h; sourceTree = "<group>"; };
		EB0114BD116A543A002BC215 /* QCCVIplImageProvider.mm */ = {isa = PBXFileReference; fileEncoding = 4; lastKnownFileType = sourcecode.cpp.objcpp; path = QCCVIplImageProvider.mm; sourceTree = "<group>"; };
		EB0114C0116A543A002BC215 /* QCCVIntensityImageProvider.h */ = {isa = PBXFileReference; fileEncoding = 4; lastKnownFileType = sourcecode.c.h; path = QCCVIntensityImageProvider.h; sourceTree = "<group>"; };
		EB0114C1116A543A002BC215 /* QCCVIntensityImageProvider.m */ = {isa = PBXFileReference; fileEncoding = 4; lastKnownFileType = sourcecode.c.objc; path = QCCVIntensityImageProvider.m; sourceTree = "<group>"; };
		EB1D7907116A5F3E0081E335 /* QCCVFindChessboardCorners.h */ = {isa = PBXFileReference; fileEncoding = 4; lastKnownFileType = sourcecode.c.h; path = QCCVFindChessboardCorners.h; sourceTree = "<group>"; };
		EB1D7908116A5F3E0081E335 /* QCCVFindChessboardCorners.mm */ = {isa = PBXFileReference; fileEncoding = 4; lastKnownFileType = sourcecode.cpp.objcpp; path = QCCVFindChessboardCorners.mm; sourceTree = "<group>"; };
		EB1D79AD116B31F50081E335 /* README */ = {isa = PBXFileReference; fileEncoding = 4; lastKnownFileType = text; path = README; sourceTree = "<group>"; };
		EB43EE7D1173528300F0C3A2 /* QCCVDilate.plist */ = {isa = PBXFileReference; fileEncoding = 4; lastKnownFileType = text.plist.xml; path = QCCVDilate.plist; sourceTree = "<group>"; };
		EB43EE7E1173528300F0C3A2 /* QCCVErode.plist */ = {isa = PBXFileReference; fileEncoding = 4; lastKnownFileType = text.plist.xml; path = QCCVErode.plist; sourceTree = "<group>"; };
		EB43EEEA11736E9800F0C3A2 /* QCCVLaplace.h */ = {isa = PBXFileReference; fileEncoding = 4; lastKnownFileType = sourcecode.c.h; path = QCCVLaplace.h; sourceTree = "<group>"; };
		EB43EEEB11736E9800F0C3A2 /* QCCVLaplace.m */ = {isa = PBXFileReference; fileEncoding = 4; lastKnownFileType = sourcecode.c.objc; path = QCCVLaplace.m; sourceTree = "<group>"; };
		EB43EEF111736F4A00F0C3A2 /* OpenCV Laplace.qtz */ = {isa = PBXFileReference; lastKnownFileType = "video.quartz-composer"; path = "OpenCV Laplace.qtz"; sourceTree = "<group>"; };
		EB43EEF311736F5F00F0C3A2 /* QCCVLaplace.plist */ = {isa = PBXFileReference; fileEncoding = 4; lastKnownFileType = text.plist.xml; path = QCCVLaplace.plist; sourceTree = "<group>"; };
		EB7E234C11721B9C007E5283 /* OpenCV Canny.qtz */ = {isa = PBXFileReference; lastKnownFileType = "video.quartz-composer"; path = "OpenCV Canny.qtz"; sourceTree = "<group>"; };
		EB7E23861172213B007E5283 /* QCCVDilate.h */ = {isa = PBXFileReference; fileEncoding = 4; lastKnownFileType = sourcecode.c.h; path = QCCVDilate.h; sourceTree = "<group>"; };
		EB7E23871172213B007E5283 /* QCCVDilate.m */ = {isa = PBXFileReference; fileEncoding = 4; lastKnownFileType = sourcecode.c.objc; path = QCCVDilate.m; sourceTree = "<group>"; };
		EB7E23B411722898007E5283 /* OpenCV Dilate.qtz */ = {isa = PBXFileReference; lastKnownFileType = "video.quartz-composer"; path = "OpenCV Dilate.qtz"; sourceTree = "<group>"; };
		EB7E23E111722A21007E5283 /* QCCVConvKernel.h */ = {isa = PBXFileReference; fileEncoding = 4; lastKnownFileType = sourcecode.c.h; path = QCCVConvKernel.h; sourceTree = "<group>"; };
		EB7E23E211722A21007E5283 /* QCCVConvKernel.m */ = {isa = PBXFileReference; fileEncoding = 4; lastKnownFileType = sourcecode.c.objc; path = QCCVConvKernel.m; sourceTree = "<group>"; };
		EB7E23E511722AE2007E5283 /* QCCVDilate.xib */ = {isa = PBXFileReference; lastKnownFileType = file.xib; path = QCCVDilate.xib; sourceTree = "<group>"; };
		EB7E24161172330B007E5283 /* QCCVErode.h */ = {isa = PBXFileReference; fileEncoding = 4; lastKnownFileType = sourcecode.c.h; path = QCCVErode.h; sourceTree = "<group>"; };
		EB7E24171172330B007E5283 /* QCCVErode.m */ = {isa = PBXFileReference; fileEncoding = 4; lastKnownFileType = sourcecode.c.objc; path = QCCVErode.m; sourceTree = "<group>"; };
		EB7E242B117233C2007E5283 /* OpenCV Erode.qtz */ = {isa = PBXFileReference; lastKnownFileType = "video.quartz-composer"; path = "OpenCV Erode.qtz"; sourceTree = "<group>"; };
		EB9949D511790AF9002CE96E /* QCCVSobel.h */ = {isa = PBXFileReference; fileEncoding = 4; lastKnownFileType = sourcecode.c.h; path = QCCVSobel.h; sourceTree = "<group>"; };
		EB9949D611790AF9002CE96E /* QCCVSobel.m */ = {isa = PBXFileReference; fileEncoding = 4; lastKnownFileType = sourcecode.c.objc; path = QCCVSobel.m; sourceTree = "<group>"; };
		EB9949F71179189D002CE96E /* OpenCV Find Chessboard Corners.qtz */ = {isa = PBXFileReference; lastKnownFileType = "video.quartz-composer"; path = "OpenCV Find Chessboard Corners.qtz"; sourceTree = "<group>"; };
		EB994ACF11792450002CE96E /* QCCVFindChessboardCorners.xib */ = {isa = PBXFileReference; lastKnownFileType = file.xib; path = QCCVFindChessboardCorners.xib; sourceTree = "<group>"; };
		EB994AD811792C08002CE96E /* QCCVFindChessboardCorners.plist */ = {isa = PBXFileReference; fileEncoding = 4; lastKnownFileType = text.plist.xml; path = QCCVFindChessboardCorners.plist; sourceTree = "<group>"; };
/* End PBXFileReference section */

/* Begin PBXFrameworksBuildPhase section */
		8D5B49B3048680CD000E48DA /* Frameworks */ = {
			isa = PBXFrameworksBuildPhase;
			buildActionMask = 2147483647;
			files = (
				8D5B49B4048680CD000E48DA /* Cocoa.framework in Frameworks */,
				16BA96310A7EB9AC001E4983 /* Quartz.framework in Frameworks */,
			);
			runOnlyForDeploymentPostprocessing = 0;
		};
/* End PBXFrameworksBuildPhase section */

/* Begin PBXGroup section */
		089C166AFE841209C02AAC07 /* Quartz Composer Plug In */ = {
			isa = PBXGroup;
			children = (
				EB7E234B11721B9C007E5283 /* Compositions */,
				08FB77AFFE84173DC02AAC07 /* Classes */,
				32C88E010371C26100C91783 /* Other Sources */,
				089C167CFE841241C02AAC07 /* Resources */,
				089C1671FE841209C02AAC07 /* Frameworks */,
				19C28FB8FE9D52D311CA2CBB /* Products */,
			);
			name = "Quartz Composer Plug In";
			sourceTree = "<group>";
		};
		089C1671FE841209C02AAC07 /* Frameworks */ = {
			isa = PBXGroup;
			children = (
				16BA96300A7EB9AC001E4983 /* Quartz.framework */,
				1058C7ADFEA557BF11CA2CBB /* Cocoa.framework */,
			);
			name = Frameworks;
			sourceTree = "<group>";
		};
		089C167CFE841241C02AAC07 /* Resources */ = {
			isa = PBXGroup;
			children = (
				EB1D79AD116B31F50081E335 /* README */,
				8D5B49B7048680CD000E48DA /* Info.plist */,
				EB7E23E511722AE2007E5283 /* QCCVDilate.xib */,
				EB994ACF11792450002CE96E /* QCCVFindChessboardCorners.xib */,
			);
			name = Resources;
			sourceTree = "<group>";
		};
		08FB77AFFE84173DC02AAC07 /* Classes */ = {
			isa = PBXGroup;
			children = (
				EB43EE811173529300F0C3A2 /* PlugIn Plists */,
				EB7E23E011722A10007E5283 /* Structures */,
				EB7E22FA117217B7007E5283 /* Image Providers */,
				EB0114B4116A5425002BC215 /* QCCVCanny.h */,
				EB0114B5116A5425002BC215 /* QCCVCanny.m */,
				EB7E23861172213B007E5283 /* QCCVDilate.h */,
				EB7E23871172213B007E5283 /* QCCVDilate.m */,
				EB7E24161172330B007E5283 /* QCCVErode.h */,
				EB7E24171172330B007E5283 /* QCCVErode.m */,
				EB43EEEA11736E9800F0C3A2 /* QCCVLaplace.h */,
				EB43EEEB11736E9800F0C3A2 /* QCCVLaplace.m */,
				EB9949D511790AF9002CE96E /* QCCVSobel.h */,
				EB9949D611790AF9002CE96E /* QCCVSobel.m */,
				EB1D7907116A5F3E0081E335 /* QCCVFindChessboardCorners.h */,
				EB1D7908116A5F3E0081E335 /* QCCVFindChessboardCorners.mm */,
				EB0114B8116A543A002BC215 /* QCCVPlugIn.h */,
				EB0114B9116A543A002BC215 /* QCCVPlugIn.mm */,
				EB0114BA116A543A002BC215 /* QCCVAbstractInputImageProcessingPlugIn.h */,
				EB0114BB116A543A002BC215 /* QCCVAbstractInputImageProcessingPlugIn.mm */,
			);
			name = Classes;
			sourceTree = "<group>";
		};
		19C28FB8FE9D52D311CA2CBB /* Products */ = {
			isa = PBXGroup;
			children = (
				8D5B49B6048680CD000E48DA /* OpenCV.plugin */,
			);
			name = Products;
			sourceTree = "<group>";
		};
		32C88E010371C26100C91783 /* Other Sources */ = {
			isa = PBXGroup;
			children = (
				16AA5C440A7EEE7300888E31 /* OpenCV_Prefix.pch */,
			);
			name = "Other Sources";
			sourceTree = "<group>";
		};
		EB43EE811173529300F0C3A2 /* PlugIn Plists */ = {
			isa = PBXGroup;
			children = (
				EB0114B3116A5425002BC215 /* QCCVCanny.plist */,
				EB43EE7D1173528300F0C3A2 /* QCCVDilate.plist */,
				EB43EE7E1173528300F0C3A2 /* QCCVErode.plist */,
				EB994AD811792C08002CE96E /* QCCVFindChessboardCorners.plist */,
				EB43EEF311736F5F00F0C3A2 /* QCCVLaplace.plist */,
			);
			name = "PlugIn Plists";
			sourceTree = "<group>";
		};
		EB7E22FA117217B7007E5283 /* Image Providers */ = {
			isa = PBXGroup;
			children = (
				EB0114BC116A543A002BC215 /* QCCVIplImageProvider.h */,
				EB0114BD116A543A002BC215 /* QCCVIplImageProvider.mm */,
				EB0114C0116A543A002BC215 /* QCCVIntensityImageProvider.h */,
				EB0114C1116A543A002BC215 /* QCCVIntensityImageProvider.m */,
			);
			name = "Image Providers";
			sourceTree = "<group>";
		};
		EB7E234B11721B9C007E5283 /* Compositions */ = {
			isa = PBXGroup;
			children = (
				EB9949F71179189D002CE96E /* OpenCV Find Chessboard Corners.qtz */,
				EB7E234C11721B9C007E5283 /* OpenCV Canny.qtz */,
				EB7E23B411722898007E5283 /* OpenCV Dilate.qtz */,
				EB7E242B117233C2007E5283 /* OpenCV Erode.qtz */,
				EB43EEF111736F4A00F0C3A2 /* OpenCV Laplace.qtz */,
			);
			path = Compositions;
			sourceTree = "<group>";
		};
		EB7E23E011722A10007E5283 /* Structures */ = {
			isa = PBXGroup;
			children = (
				EB7E23E111722A21007E5283 /* QCCVConvKernel.h */,
				EB7E23E211722A21007E5283 /* QCCVConvKernel.m */,
			);
			name = Structures;
			sourceTree = "<group>";
		};
/* End PBXGroup section */

/* Begin PBXNativeTarget section */
		8D5B49AC048680CD000E48DA /* OpenCV */ = {
			isa = PBXNativeTarget;
			buildConfigurationList = 1DEB913A08733D840010E9CD /* Build configuration list for PBXNativeTarget "OpenCV" */;
			buildPhases = (
				8D5B49AF048680CD000E48DA /* Resources */,
				8D5B49B1048680CD000E48DA /* Sources */,
				8D5B49B3048680CD000E48DA /* Frameworks */,
				EB9948D01175E585002CE96E /* Copy Frameworks */,
				EB9948DC1175E6D9002CE96E /* Copy Compositions */,
			);
			buildRules = (
			);
			dependencies = (
			);
			name = OpenCV;
			productInstallPath = "$(HOME)/Library/Bundles";
			productName = "Quartz Composer Plug In";
			productReference = 8D5B49B6048680CD000E48DA /* OpenCV.plugin */;
			productType = "com.apple.product-type.bundle";
		};
/* End PBXNativeTarget section */

/* Begin PBXProject section */
		089C1669FE841209C02AAC07 /* Project object */ = {
			isa = PBXProject;
			buildConfigurationList = 1DEB913E08733D840010E9CD /* Build configuration list for PBXProject "OpenCV" */;
			compatibilityVersion = "Xcode 3.1";
			developmentRegion = English;
			hasScannedForEncodings = 1;
			knownRegions = (
				en,
			);
			mainGroup = 089C166AFE841209C02AAC07 /* Quartz Composer Plug In */;
			projectDirPath = "";
			projectRoot = "";
			targets = (
				8D5B49AC048680CD000E48DA /* OpenCV */,
				233E2C640A83C768005A62DF /* Build & Copy */,
			);
		};
/* End PBXProject section */

/* Begin PBXResourcesBuildPhase section */
		8D5B49AF048680CD000E48DA /* Resources */ = {
			isa = PBXResourcesBuildPhase;
			buildActionMask = 2147483647;
			files = (
				EB7E23E611722AE2007E5283 /* QCCVDilate.xib in Resources */,
				EB0114B6116A5425002BC215 /* QCCVCanny.plist in Resources */,
				EB43EE7F1173528300F0C3A2 /* QCCVDilate.plist in Resources */,
				EB43EE801173528300F0C3A2 /* QCCVErode.plist in Resources */,
				EB43EEF411736F5F00F0C3A2 /* QCCVLaplace.plist in Resources */,
				EB9949F81179189D002CE96E /* OpenCV Find Chessboard Corners.qtz in Resources */,
				EB994AD011792450002CE96E /* QCCVFindChessboardCorners.xib in Resources */,
				EB994AD911792C08002CE96E /* QCCVFindChessboardCorners.plist in Resources */,
			);
			runOnlyForDeploymentPostprocessing = 0;
		};
/* End PBXResourcesBuildPhase section */

/* Begin PBXShellScriptBuildPhase section */
		233E2C690A83C783005A62DF /* ShellScript */ = {
			isa = PBXShellScriptBuildPhase;
			buildActionMask = 2147483647;
			files = (
			);
			inputPaths = (
			);
			outputPaths = (
			);
			runOnlyForDeploymentPostprocessing = 0;
			shellPath = /bin/sh;
			shellScript = "# This shell script simply copies the built plug-in to \"~/Library/Graphics/Quartz Composer Plug-Ins\" and overrides any previous version at that location\n\nmkdir -p \"$USER_LIBRARY_DIR/Graphics/Quartz Composer Plug-Ins\"\nrm -rf \"$USER_LIBRARY_DIR/Graphics/Quartz Composer Plug-Ins/OpenCV.plugin\"\ncp -rf \"$BUILT_PRODUCTS_DIR/OpenCV.plugin\" \"$USER_LIBRARY_DIR/Graphics/Quartz Composer Plug-Ins/\"\n";
		};
/* End PBXShellScriptBuildPhase section */

/* Begin PBXSourcesBuildPhase section */
		8D5B49B1048680CD000E48DA /* Sources */ = {
			isa = PBXSourcesBuildPhase;
			buildActionMask = 2147483647;
			files = (
				EB1D796A116A62D00081E335 /* QCCVCanny.m in Sources */,
				EB0114C2116A543A002BC215 /* QCCVPlugIn.mm in Sources */,
				EB0114C3116A543A002BC215 /* QCCVAbstractInputImageProcessingPlugIn.mm in Sources */,
				EB0114C4116A543A002BC215 /* QCCVIplImageProvider.mm in Sources */,
				EB0114C6116A543A002BC215 /* QCCVIntensityImageProvider.m in Sources */,
				EB1D7909116A5F3E0081E335 /* QCCVFindChessboardCorners.mm in Sources */,
				EB7E23881172213B007E5283 /* QCCVDilate.m in Sources */,
				EB7E23E311722A21007E5283 /* QCCVConvKernel.m in Sources */,
				EB7E24181172330B007E5283 /* QCCVErode.m in Sources */,
				EB43EEEC11736E9800F0C3A2 /* QCCVLaplace.m in Sources */,
				EB9949D711790AF9002CE96E /* QCCVSobel.m in Sources */,
			);
			runOnlyForDeploymentPostprocessing = 0;
		};
/* End PBXSourcesBuildPhase section */

/* Begin PBXTargetDependency section */
		233E2C660A83C76D005A62DF /* PBXTargetDependency */ = {
			isa = PBXTargetDependency;
			target = 8D5B49AC048680CD000E48DA /* OpenCV */;
			targetProxy = 233E2C650A83C76D005A62DF /* PBXContainerItemProxy */;
		};
/* End PBXTargetDependency section */

/* Begin XCBuildConfiguration section */
		1DEB913B08733D840010E9CD /* Debug */ = {
			isa = XCBuildConfiguration;
			buildSettings = {
				COPY_PHASE_STRIP = NO;
				FRAMEWORK_SEARCH_PATHS = "";
				GCC_DYNAMIC_NO_PIC = NO;
				GCC_ENABLE_FIX_AND_CONTINUE = YES;
				GCC_ENABLE_OBJC_GC = supported;
				GCC_MODEL_TUNING = G5;
				GCC_OPTIMIZATION_LEVEL = 0;
				GCC_PRECOMPILE_PREFIX_HEADER = YES;
				GCC_PREFIX_HEADER = OpenCV_Prefix.pch;
				HEADER_SEARCH_PATHS = /usr/local/include;
				INFOPLIST_FILE = Info.plist;
				INSTALL_PATH = "$(HOME)/Library/Graphics/Quartz Composer Plug-Ins";
				LIBRARY_SEARCH_PATHS = /usr/local/lib;
				OTHER_CFLAGS = "";
				OTHER_LDFLAGS = (
					"-lopencv_calib3d",
					"-lopencv_contrib",
					"-lopencv_core",
					"-lopencv_features2d",
					"-lopencv_flann",
					"-lopencv_gpu",
					"-lopencv_imgproc",
				);
				PRODUCT_NAME = OpenCV;
				SDKROOT = "";
				WRAPPER_EXTENSION = plugin;
				ZERO_LINK = YES;
			};
			name = Debug;
		};
		1DEB913C08733D840010E9CD /* Release */ = {
			isa = XCBuildConfiguration;
			buildSettings = {
				DEBUG_INFORMATION_FORMAT = "dwarf-with-dsym";
				FRAMEWORK_SEARCH_PATHS = "";
				GCC_ENABLE_OBJC_GC = supported;
				GCC_MODEL_TUNING = G5;
				GCC_PRECOMPILE_PREFIX_HEADER = YES;
				GCC_PREFIX_HEADER = OpenCV_Prefix.pch;
				HEADER_SEARCH_PATHS = /usr/local/include;
				INFOPLIST_FILE = Info.plist;
				INSTALL_PATH = "$(HOME)/Library/Graphics/Quartz Composer Plug-Ins";
				LIBRARY_SEARCH_PATHS = /usr/local/lib;
				OTHER_CFLAGS = "";
				OTHER_LDFLAGS = (
					"-lopencv_calib3d",
					"-lopencv_contrib",
					"-lopencv_core",
					"-lopencv_features2d",
					"-lopencv_flann",
					"-lopencv_gpu",
					"-lopencv_imgproc",
				);
				PRODUCT_NAME = OpenCV;
				SDKROOT = "";
				WRAPPER_EXTENSION = plugin;
			};
			name = Release;
		};
		1DEB913F08733D840010E9CD /* Debug */ = {
			isa = XCBuildConfiguration;
			buildSettings = {
				ARCHS = "$(ARCHS_STANDARD_32_64_BIT)";
				FRAMEWORK_SEARCH_PATHS = /opt/local/lib;
				GCC_C_LANGUAGE_STANDARD = gnu99;
				GCC_WARN_ABOUT_RETURN_TYPE = YES;
				GCC_WARN_UNUSED_VARIABLE = YES;
				HEADER_SEARCH_PATHS = /opt/local/include;
				ONLY_ACTIVE_ARCH = YES;
				SDKROOT = macosx10.6;
			};
			name = Debug;
		};
		1DEB914008733D840010E9CD /* Release */ = {
			isa = XCBuildConfiguration;
			buildSettings = {
				ARCHS = "$(ARCHS_STANDARD_32_64_BIT)";
				FRAMEWORK_SEARCH_PATHS = /opt/local/lib;
				GCC_C_LANGUAGE_STANDARD = gnu99;
				GCC_WARN_ABOUT_RETURN_TYPE = YES;
				GCC_WARN_UNUSED_VARIABLE = YES;
				HEADER_SEARCH_PATHS = /opt/local/include;
				SDKROOT = macosx10.6;
			};
			name = Release;
		};
		233E2D8A0A83C7AC005A62DF /* Debug */ = {
			isa = XCBuildConfiguration;
			buildSettings = {
				PRODUCT_NAME = "Build & Install";
			};
			name = Debug;
		};
		233E2D8B0A83C7AC005A62DF /* Release */ = {
			isa = XCBuildConfiguration;
			buildSettings = {
				PRODUCT_NAME = "Build & Install";
			};
			name = Release;
		};
/* End XCBuildConfiguration section */

/* Begin XCConfigurationList section */
		1DEB913A08733D840010E9CD /* Build configuration list for PBXNativeTarget "OpenCV" */ = {
			isa = XCConfigurationList;
			buildConfigurations = (
				1DEB913B08733D840010E9CD /* Debug */,
				1DEB913C08733D840010E9CD /* Release */,
			);
			defaultConfigurationIsVisible = 0;
			defaultConfigurationName = Release;
		};
		1DEB913E08733D840010E9CD /* Build configuration list for PBXProject "OpenCV" */ = {
			isa = XCConfigurationList;
			buildConfigurations = (
				1DEB913F08733D840010E9CD /* Debug */,
				1DEB914008733D840010E9CD /* Release */,
			);
			defaultConfigurationIsVisible = 0;
			defaultConfigurationName = Release;
		};
		233E2D890A83C7AC005A62DF /* Build configuration list for PBXAggregateTarget "Build & Copy" */ = {
			isa = XCConfigurationList;
			buildConfigurations = (
				233E2D8A0A83C7AC005A62DF /* Debug */,
				233E2D8B0A83C7AC005A62DF /* Release */,
			);
			defaultConfigurationIsVisible = 0;
			defaultConfigurationName = Release;
		};
/* End XCConfigurationList section */
	};
	rootObject = 089C1669FE841209C02AAC07 /* Project object */;
}
